
Microsoft Visual Studio Solution File, Format Version 12.00
# Visual Studio Version 17
VisualStudioVersion = 17.4.33205.214
MinimumVisualStudioVersion = 10.0.40219.1
Project("{FAE04EC0-301F-11D3-BF4B-00C04F79EFBC}") = "AudioPlayer", "AudioPlayer\AudioPlayer.csproj", "{C37C479F-9BFD-41E7-A1AE-7173C7D3C129}"
EndProject
Global
	GlobalSection(SolutionConfigurationPlatforms) = preSolution
		Debug|Any CPU = Debug|Any CPU
		Release|Any CPU = Release|Any CPU
	EndGlobalSection
	GlobalSection(ProjectConfigurationPlatforms) = postSolution
		{C37C479F-9BFD-41E7-A1AE-7173C7D3C129}.Debug|Any CPU.ActiveCfg = Debug|Any CPU
		{C37C479F-9BFD-41E7-A1AE-7173C7D3C129}.Debug|Any CPU.Build.0 = Debug|Any CPU
		{C37C479F-9BFD-41E7-A1AE-7173C7D3C129}.Release|Any CPU.ActiveCfg = Release|Any CPU
		{C37C479F-9BFD-41E7-A1AE-7173C7D3C129}.Release|Any CPU.Build.0 = Release|Any CPU
	EndGlobalSection
	GlobalSection(SolutionProperties) = preSolution
		HideSolutionNode = FALSE
	EndGlobalSection
	GlobalSection(ExtensibilityGlobals) = postSolution
		SolutionGuid = {2ECE5D09-860D-4EB4-AAD1-2108F3837F13}
	EndGlobalSection
EndGlobal
